// !$*UTF8*$!
{
	archiveVersion = 1;
	classes = {
	};
	objectVersion = 46;
	objects = {

/* Begin PBXBuildFile section */
		3740B10D1C168EF70066D36B /* AppDelegate.swift in Sources */ = {isa = PBXBuildFile; fileRef = 3740B10C1C168EF70066D36B /* AppDelegate.swift */; };
		3740B10F1C168EF70066D36B /* ViewController.swift in Sources */ = {isa = PBXBuildFile; fileRef = 3740B10E1C168EF70066D36B /* ViewController.swift */; };
		3740B1111C168EF70066D36B /* Assets.xcassets in Resources */ = {isa = PBXBuildFile; fileRef = 3740B1101C168EF70066D36B /* Assets.xcassets */; };
		3740B1141C168EF70066D36B /* Main.storyboard in Resources */ = {isa = PBXBuildFile; fileRef = 3740B1121C168EF70066D36B /* Main.storyboard */; };
/* End PBXBuildFile section */

/* Begin PBXFileReference section */
		3740B1091C168EF70066D36B /* Geass.app */ = {isa = PBXFileReference; explicitFileType = wrapper.application; includeInIndex = 0; path = Geass.app; sourceTree = BUILT_PRODUCTS_DIR; };
		3740B10C1C168EF70066D36B /* AppDelegate.swift */ = {isa = PBXFileReference; lastKnownFileType = sourcecode.swift; path = AppDelegate.swift; sourceTree = "<group>"; };
		3740B10E1C168EF70066D36B /* ViewController.swift */ = {isa = PBXFileReference; lastKnownFileType = sourcecode.swift; path = ViewController.swift; sourceTree = "<group>"; };
		3740B1101C168EF70066D36B /* Assets.xcassets */ = {isa = PBXFileReference; lastKnownFileType = folder.assetcatalog; path = Assets.xcassets; sourceTree = "<group>"; };
		3740B1131C168EF70066D36B /* Base */ = {isa = PBXFileReference; lastKnownFileType = file.storyboard; name = Base; path = Base.lproj/Main.storyboard; sourceTree = "<group>"; };
		3740B1151C168EF70066D36B /* Info.plist */ = {isa = PBXFileReference; lastKnownFileType = text.plist.xml; path = Info.plist; sourceTree = "<group>"; };
/* End PBXFileReference section */

/* Begin PBXFrameworksBuildPhase section */
		3740B1061C168EF70066D36B /* Frameworks */ = {
			isa = PBXFrameworksBuildPhase;
			buildActionMask = 2147483647;
			files = (
			);
			runOnlyForDeploymentPostprocessing = 0;
		};
/* End PBXFrameworksBuildPhase section */

/* Begin PBXGroup section */
		3740B1001C168EF70066D36B = {
			isa = PBXGroup;
			children = (
				3740B10B1C168EF70066D36B /* Geass */,
				3740B10A1C168EF70066D36B /* Products */,
			);
			sourceTree = "<group>";
		};
		3740B10A1C168EF70066D36B /* Products */ = {
			isa = PBXGroup;
			children = (
				3740B1091C168EF70066D36B /* Geass.app */,
			);
			name = Products;
			sourceTree = "<group>";
		};
		3740B10B1C168EF70066D36B /* Geass */ = {
			isa = PBXGroup;
			children = (
				3740B10C1C168EF70066D36B /* AppDelegate.swift */,
				3740B10E1C168EF70066D36B /* ViewController.swift */,
				3740B1101C168EF70066D36B /* Assets.xcassets */,
				3740B1121C168EF70066D36B /* Main.storyboard */,
				3740B1151C168EF70066D36B /* Info.plist */,
			);
			path = Geass;
			sourceTree = "<group>";
		};
/* End PBXGroup section */

/* Begin PBXNativeTarget section */
		3740B1081C168EF70066D36B /* Geass */ = {
			isa = PBXNativeTarget;
			buildConfigurationList = 3740B1181C168EF70066D36B /* Build configuration list for PBXNativeTarget "Geass" */;
			buildPhases = (
				3740B1051C168EF70066D36B /* Sources */,
				3740B1061C168EF70066D36B /* Frameworks */,
				3740B1071C168EF70066D36B /* Resources */,
			);
			buildRules = (
			);
			dependencies = (
			);
			name = Geass;
			productName = Geass;
			productReference = 3740B1091C168EF70066D36B /* Geass.app */;
			productType = "com.apple.product-type.application";
		};
/* End PBXNativeTarget section */

/* Begin PBXProject section */
		3740B1011C168EF70066D36B /* Project object */ = {
			isa = PBXProject;
			attributes = {
				LastSwiftUpdateCheck = 0710;
				LastUpgradeCheck = 0710;
				ORGANIZATIONNAME = Dust;
				TargetAttributes = {
					3740B1081C168EF70066D36B = {
						CreatedOnToolsVersion = 7.1.1;
					};
				};
			};
			buildConfigurationList = 3740B1041C168EF70066D36B /* Build configuration list for PBXProject "Geass" */;
			compatibilityVersion = "Xcode 3.2";
			developmentRegion = English;
			hasScannedForEncodings = 0;
			knownRegions = (
				en,
				Base,
			);
			mainGroup = 3740B1001C168EF70066D36B;
			productRefGroup = 3740B10A1C168EF70066D36B /* Products */;
			projectDirPath = "";
			projectRoot = "";
			targets = (
				3740B1081C168EF70066D36B /* Geass */,
			);
		};
/* End PBXProject section */

/* Begin PBXResourcesBuildPhase section */
		3740B1071C168EF70066D36B /* Resources */ = {
			isa = PBXResourcesBuildPhase;
			buildActionMask = 2147483647;
			files = (
				3740B1111C168EF70066D36B /* Assets.xcassets in Resources */,
				3740B1141C168EF70066D36B /* Main.storyboard in Resources */,
			);
			runOnlyForDeploymentPostprocessing = 0;
		};
/* End PBXResourcesBuildPhase section */

/* Begin PBXSourcesBuildPhase section */
		3740B1051C168EF70066D36B /* Sources */ = {
			isa = PBXSourcesBuildPhase;
			buildActionMask = 2147483647;
			files = (
				3740B10F1C168EF70066D36B /* ViewController.swift in Sources */,
				3740B10D1C168EF70066D36B /* AppDelegate.swift in Sources */,
			);
			runOnlyForDeploymentPostprocessing = 0;
		};
/* End PBXSourcesBuildPhase section */

/* Begin PBXVariantGroup section */
		3740B1121C168EF70066D36B /* Main.storyboard */ = {
			isa = PBXVariantGroup;
			children = (
				3740B1131C168EF70066D36B /* Base */,
			);
			name = Main.storyboard;
			sourceTree = "<group>";
		};
/* End PBXVariantGroup section */

/* Begin XCBuildConfiguration section */
		3740B1161C168EF70066D36B /* Debug */ = {
			isa = XCBuildConfiguration;
			buildSettings = {
				ALWAYS_SEARCH_USER_PATHS = NO;
				CLANG_CXX_LANGUAGE_STANDARD = "gnu++0x";
				CLANG_CXX_LIBRARY = "libc++";
				CLANG_ENABLE_MODULES = YES;
				CLANG_ENABLE_OBJC_ARC = YES;
				CLANG_WARN_BOOL_CONVERSION = YES;
				CLANG_WARN_CONSTANT_CONVERSION = YES;
				CLANG_WARN_DIRECT_OBJC_ISA_USAGE = YES_ERROR;
				CLANG_WARN_EMPTY_BODY = YES;
				CLANG_WARN_ENUM_CONVERSION = YES;
				CLANG_WARN_INT_CONVERSION = YES;
				CLANG_WARN_OBJC_ROOT_CLASS = YES_ERROR;
				CLANG_WARN_UNREACHABLE_CODE = YES;
				CLANG_WARN__DUPLICATE_METHOD_MATCH = YES;
				CODE_SIGN_IDENTITY = "-";
				COPY_PHASE_STRIP = NO;
				DEBUG_INFORMATION_FORMAT = dwarf;
				ENABLE_STRICT_OBJC_MSGSEND = YES;
				ENABLE_TESTABILITY = YES;
				GCC_C_LANGUAGE_STANDARD = gnu99;
				GCC_DYNAMIC_NO_PIC = NO;
				GCC_NO_COMMON_BLOCKS = YES;
				GCC_OPTIMIZATION_LEVEL = 0;
				GCC_PREPROCESSOR_DEFINITIONS = (
					"DEBUG=1",
					"$(inherited)",
				);
				GCC_WARN_64_TO_32_BIT_CONVERSION = YES;
				GCC_WARN_ABOUT_RETURN_TYPE = YES_ERROR;
				GCC_WARN_UNDECLARED_SELECTOR = YES;
				GCC_WARN_UNINITIALIZED_AUTOS = YES_AGGRESSIVE;
				GCC_WARN_UNUSED_FUNCTION = YES;
				GCC_WARN_UNUSED_VARIABLE = YES;
				MACOSX_DEPLOYMENT_TARGET = 10.11;
				MTL_ENABLE_DEBUG_INFO = YES;
				ONLY_ACTIVE_ARCH = YES;
				SDKROOT = macosx;
				SWIFT_OPTIMIZATION_LEVEL = "-Onone";
			};
			name = Debug;
		};
		3740B1171C168EF70066D36B /* Release */ = {
			isa = XCBuildConfiguration;
			buildSettings = {
				ALWAYS_SEARCH_USER_PATHS = NO;
				CLANG_CXX_LANGUAGE_STANDARD = "gnu++0x";
				CLANG_CXX_LIBRARY = "libc++";
				CLANG_ENABLE_MODULES = YES;
				CLANG_ENABLE_OBJC_ARC = YES;
				CLANG_WARN_BOOL_CONVERSION = YES;
				CLANG_WARN_CONSTANT_CONVERSION = YES;
				CLANG_WARN_DIRECT_OBJC_ISA_USAGE = YES_ERROR;
				CLANG_WARN_EMPTY_BODY = YES;
				CLANG_WARN_ENUM_CONVERSION = YES;
				CLANG_WARN_INT_CONVERSION = YES;
				CLANG_WARN_OBJC_ROOT_CLASS = YES_ERROR;
				CLANG_WARN_UNREACHABLE_CODE = YES;
				CLANG_WARN__DUPLICATE_METHOD_MATCH = YES;
				CODE_SIGN_IDENTITY = "-";
				COPY_PHASE_STRIP = NO;
				DEBUG_INFORMATION_FORMAT = "dwarf-with-dsym";
				ENABLE_NS_ASSERTIONS = NO;
				ENABLE_STRICT_OBJC_MSGSEND = YES;
				GCC_C_LANGUAGE_STANDARD = gnu99;
				GCC_NO_COMMON_BLOCKS = YES;
				GCC_WARN_64_TO_32_BIT_CONVERSION = YES;
				GCC_WARN_ABOUT_RETURN_TYPE = YES_ERROR;
				GCC_WARN_UNDECLARED_SELECTOR = YES;
				GCC_WARN_UNINITIALIZED_AUTOS = YES_AGGRESSIVE;
				GCC_WARN_UNUSED_FUNCTION = YES;
				GCC_WARN_UNUSED_VARIABLE = YES;
				MACOSX_DEPLOYMENT_TARGET = 10.11;
				MTL_ENABLE_DEBUG_INFO = NO;
				SDKROOT = macosx;
			};
			name = Release;
		};
		3740B1191C168EF70066D36B /* Debug */ = {
			isa = XCBuildConfiguration;
			buildSettings = {
				ASSETCATALOG_COMPILER_APPICON_NAME = AppIcon;
				COMBINE_HIDPI_IMAGES = YES;
				INFOPLIST_FILE = Geass/Info.plist;
				LD_RUNPATH_SEARCH_PATHS = "$(inherited) @executable_path/../Frameworks";
				PRODUCT_BUNDLE_IDENTIFIER = "cc.d-touch.Geass";
				PRODUCT_NAME = "$(TARGET_NAME)";
			};
			name = Debug;
		};
		3740B11A1C168EF70066D36B /* Release */ = {
			isa = XCBuildConfiguration;
			buildSettings = {
				ASSETCATALOG_COMPILER_APPICON_NAME = AppIcon;
				COMBINE_HIDPI_IMAGES = YES;
				INFOPLIST_FILE = Geass/Info.plist;
				LD_RUNPATH_SEARCH_PATHS = "$(inherited) @executable_path/../Frameworks";
				PRODUCT_BUNDLE_IDENTIFIER = "cc.d-touch.Geass";
				PRODUCT_NAME = "$(TARGET_NAME)";
			};
			name = Release;
		};
/* End XCBuildConfiguration section */

/* Begin XCConfigurationList section */
		3740B1041C168EF70066D36B /* Build configuration list for PBXProject "Geass" */ = {
			isa = XCConfigurationList;
			buildConfigurations = (
				3740B1161C168EF70066D36B /* Debug */,
				3740B1171C168EF70066D36B /* Release */,
			);
			defaultConfigurationIsVisible = 0;
			defaultConfigurationName = Release;
		};
		3740B1181C168EF70066D36B /* Build configuration list for PBXNativeTarget "Geass" */ = {
			isa = XCConfigurationList;
			buildConfigurations = (
				3740B1191C168EF70066D36B /* Debug */,
				3740B11A1C168EF70066D36B /* Release */,
			);
			defaultConfigurationIsVisible = 0;
		};
/* End XCConfigurationList section */
	};
	rootObject = 3740B1011C168EF70066D36B /* Project object */;
}
